
Microsoft Visual Studio Solution File, Format Version 12.00
# Visual Studio Version 17
VisualStudioVersion = 17.11.35303.130
MinimumVisualStudioVersion = 10.0.40219.1
Project("{2150E333-8FDC-42A3-9474-1A3956D46DE8}") = "CPM.UI", "CPM.UI", "{8C9AFF55-D115-4B0C-B582-0EB879AE88C6}"
EndProject
Project("{2150E333-8FDC-42A3-9474-1A3956D46DE8}") = "CPM.UI.Application", "CPM.UI.Application", "{3B1D79A1-04DA-4F70-9CF6-426B004B2B04}"
EndProject
Project("{2150E333-8FDC-42A3-9474-1A3956D46DE8}") = "CPM.UI.Domain", "CPM.UI.Domain", "{71D81B26-0B93-4781-9F12-79B582AAC387}"
EndProject
Project("{2150E333-8FDC-42A3-9474-1A3956D46DE8}") = "CPM.UI.Infrastructure", "CPM.UI.Infrastructure", "{8B75BB41-D087-4813-A4B6-9620ABCF9C97}"
EndProject
Project("{FAE04EC0-301F-11D3-BF4B-00C04F79EFBC}") = "CPM.UI", "CPM.UI\CPM.UI.csproj", "{0F2BB208-7BA6-40C0-AB9F-D106DD4B1803}"
EndProject
Global
	GlobalSection(SolutionConfigurationPlatforms) = preSolution
		Debug|Any CPU = Debug|Any CPU
		Release|Any CPU = Release|Any CPU
	EndGlobalSection
	GlobalSection(ProjectConfigurationPlatforms) = postSolution
		{0F2BB208-7BA6-40C0-AB9F-D106DD4B1803}.Debug|Any CPU.ActiveCfg = Debug|Any CPU
		{0F2BB208-7BA6-40C0-AB9F-D106DD4B1803}.Debug|Any CPU.Build.0 = Debug|Any CPU
		{0F2BB208-7BA6-40C0-AB9F-D106DD4B1803}.Release|Any CPU.ActiveCfg = Release|Any CPU
		{0F2BB208-7BA6-40C0-AB9F-D106DD4B1803}.Release|Any CPU.Build.0 = Release|Any CPU
	EndGlobalSection
	GlobalSection(SolutionProperties) = preSolution
		HideSolutionNode = FALSE
	EndGlobalSection
	GlobalSection(NestedProjects) = preSolution
		{0F2BB208-7BA6-40C0-AB9F-D106DD4B1803} = {8C9AFF55-D115-4B0C-B582-0EB879AE88C6}
	EndGlobalSection
	GlobalSection(ExtensibilityGlobals) = postSolution
		SolutionGuid = {57AEE6E8-F4CE-46E4-AAF5-FF15419FDCC3}
	EndGlobalSection
EndGlobal
